// !$*UTF8*$!
{
	archiveVersion = 1;
	classes = {
	};
	objectVersion = 55;
	objects = {

/* Begin PBXBuildFile section */
		6B4E0A8F27F70E2A00BEEE9E /* AppDelegate.swift in Sources */ = {isa = PBXBuildFile; fileRef = 6B4E0A8E27F70E2A00BEEE9E /* AppDelegate.swift */; };
		6B4E0A9127F70E2A00BEEE9E /* Assets.xcassets in Resources */ = {isa = PBXBuildFile; fileRef = 6B4E0A9027F70E2A00BEEE9E /* Assets.xcassets */; };
		6B4E0A9427F70E2A00BEEE9E /* MainMenu.xib in Resources */ = {isa = PBXBuildFile; fileRef = 6B4E0A9227F70E2A00BEEE9E /* MainMenu.xib */; };
		6B4E0A9F27F70E2B00BEEE9E /* NewFileHereTests.swift in Sources */ = {isa = PBXBuildFile; fileRef = 6B4E0A9E27F70E2B00BEEE9E /* NewFileHereTests.swift */; };
		6B4E0AA927F70E2B00BEEE9E /* NewFileHereUITests.swift in Sources */ = {isa = PBXBuildFile; fileRef = 6B4E0AA827F70E2B00BEEE9E /* NewFileHereUITests.swift */; };
		6B4E0AAB27F70E2B00BEEE9E /* NewFileHereUITestsLaunchTests.swift in Sources */ = {isa = PBXBuildFile; fileRef = 6B4E0AAA27F70E2B00BEEE9E /* NewFileHereUITestsLaunchTests.swift */; };
		6B4E0AC327F72E3000BEEE9E /* FinderSync.swift in Sources */ = {isa = PBXBuildFile; fileRef = 6B4E0AC227F72E3000BEEE9E /* FinderSync.swift */; };
		6B4E0AC827F72E3000BEEE9E /* NewFileHereFinderExtension.appex in Embed App Extensions */ = {isa = PBXBuildFile; fileRef = 6B4E0AC027F72E3000BEEE9E /* NewFileHereFinderExtension.appex */; settings = {ATTRIBUTES = (RemoveHeadersOnCopy, ); }; };
/* End PBXBuildFile section */

/* Begin PBXContainerItemProxy section */
		6B4E0A9B27F70E2B00BEEE9E /* PBXContainerItemProxy */ = {
			isa = PBXContainerItemProxy;
			containerPortal = 6B4E0A8327F70E2A00BEEE9E /* Project object */;
			proxyType = 1;
			remoteGlobalIDString = 6B4E0A8A27F70E2A00BEEE9E;
			remoteInfo = NewFileHere;
		};
		6B4E0AA527F70E2B00BEEE9E /* PBXContainerItemProxy */ = {
			isa = PBXContainerItemProxy;
			containerPortal = 6B4E0A8327F70E2A00BEEE9E /* Project object */;
			proxyType = 1;
			remoteGlobalIDString = 6B4E0A8A27F70E2A00BEEE9E;
			remoteInfo = NewFileHere;
		};
		6B4E0AC627F72E3000BEEE9E /* PBXContainerItemProxy */ = {
			isa = PBXContainerItemProxy;
			containerPortal = 6B4E0A8327F70E2A00BEEE9E /* Project object */;
			proxyType = 1;
			remoteGlobalIDString = 6B4E0ABF27F72E3000BEEE9E;
			remoteInfo = NewFileHereFinderExtension;
		};
/* End PBXContainerItemProxy section */

/* Begin PBXCopyFilesBuildPhase section */
		6B4E0ACC27F72E3000BEEE9E /* Embed App Extensions */ = {
			isa = PBXCopyFilesBuildPhase;
			buildActionMask = 2147483647;
			dstPath = "";
			dstSubfolderSpec = 13;
			files = (
				6B4E0AC827F72E3000BEEE9E /* NewFileHereFinderExtension.appex in Embed App Extensions */,
			);
			name = "Embed App Extensions";
			runOnlyForDeploymentPostprocessing = 0;
		};
/* End PBXCopyFilesBuildPhase section */

/* Begin PBXFileReference section */
		6B4E0A8B27F70E2A00BEEE9E /* NewFileHere.app */ = {isa = PBXFileReference; explicitFileType = wrapper.application; includeInIndex = 0; path = NewFileHere.app; sourceTree = BUILT_PRODUCTS_DIR; };
		6B4E0A8E27F70E2A00BEEE9E /* AppDelegate.swift */ = {isa = PBXFileReference; lastKnownFileType = sourcecode.swift; path = AppDelegate.swift; sourceTree = "<group>"; };
		6B4E0A9027F70E2A00BEEE9E /* Assets.xcassets */ = {isa = PBXFileReference; lastKnownFileType = folder.assetcatalog; path = Assets.xcassets; sourceTree = "<group>"; };
		6B4E0A9327F70E2A00BEEE9E /* Base */ = {isa = PBXFileReference; lastKnownFileType = file.xib; name = Base; path = Base.lproj/MainMenu.xib; sourceTree = "<group>"; };
		6B4E0A9527F70E2A00BEEE9E /* NewFileHere.entitlements */ = {isa = PBXFileReference; lastKnownFileType = text.plist.entitlements; path = NewFileHere.entitlements; sourceTree = "<group>"; };
		6B4E0A9A27F70E2B00BEEE9E /* NewFileHereTests.xctest */ = {isa = PBXFileReference; explicitFileType = wrapper.cfbundle; includeInIndex = 0; path = NewFileHereTests.xctest; sourceTree = BUILT_PRODUCTS_DIR; };
		6B4E0A9E27F70E2B00BEEE9E /* NewFileHereTests.swift */ = {isa = PBXFileReference; lastKnownFileType = sourcecode.swift; path = NewFileHereTests.swift; sourceTree = "<group>"; };
		6B4E0AA427F70E2B00BEEE9E /* NewFileHereUITests.xctest */ = {isa = PBXFileReference; explicitFileType = wrapper.cfbundle; includeInIndex = 0; path = NewFileHereUITests.xctest; sourceTree = BUILT_PRODUCTS_DIR; };
		6B4E0AA827F70E2B00BEEE9E /* NewFileHereUITests.swift */ = {isa = PBXFileReference; lastKnownFileType = sourcecode.swift; path = NewFileHereUITests.swift; sourceTree = "<group>"; };
		6B4E0AAA27F70E2B00BEEE9E /* NewFileHereUITestsLaunchTests.swift */ = {isa = PBXFileReference; lastKnownFileType = sourcecode.swift; path = NewFileHereUITestsLaunchTests.swift; sourceTree = "<group>"; };
		6B4E0AC027F72E3000BEEE9E /* NewFileHereFinderExtension.appex */ = {isa = PBXFileReference; explicitFileType = "wrapper.app-extension"; includeInIndex = 0; path = NewFileHereFinderExtension.appex; sourceTree = BUILT_PRODUCTS_DIR; };
		6B4E0AC227F72E3000BEEE9E /* FinderSync.swift */ = {isa = PBXFileReference; lastKnownFileType = sourcecode.swift; path = FinderSync.swift; sourceTree = "<group>"; };
		6B4E0AC427F72E3000BEEE9E /* Info.plist */ = {isa = PBXFileReference; lastKnownFileType = text.plist.xml; path = Info.plist; sourceTree = "<group>"; };
		6B4E0AC527F72E3000BEEE9E /* NewFileHereFinderExtension.entitlements */ = {isa = PBXFileReference; lastKnownFileType = text.plist.entitlements; path = NewFileHereFinderExtension.entitlements; sourceTree = "<group>"; };
/* End PBXFileReference section */

/* Begin PBXFrameworksBuildPhase section */
		6B4E0A8827F70E2A00BEEE9E /* Frameworks */ = {
			isa = PBXFrameworksBuildPhase;
			buildActionMask = 2147483647;
			files = (
			);
			runOnlyForDeploymentPostprocessing = 0;
		};
		6B4E0A9727F70E2B00BEEE9E /* Frameworks */ = {
			isa = PBXFrameworksBuildPhase;
			buildActionMask = 2147483647;
			files = (
			);
			runOnlyForDeploymentPostprocessing = 0;
		};
		6B4E0AA127F70E2B00BEEE9E /* Frameworks */ = {
			isa = PBXFrameworksBuildPhase;
			buildActionMask = 2147483647;
			files = (
			);
			runOnlyForDeploymentPostprocessing = 0;
		};
		6B4E0ABD27F72E3000BEEE9E /* Frameworks */ = {
			isa = PBXFrameworksBuildPhase;
			buildActionMask = 2147483647;
			files = (
			);
			runOnlyForDeploymentPostprocessing = 0;
		};
/* End PBXFrameworksBuildPhase section */

/* Begin PBXGroup section */
		6B4E0A8227F70E2A00BEEE9E = {
			isa = PBXGroup;
			children = (
				6B4E0A8D27F70E2A00BEEE9E /* NewFileHere */,
				6B4E0AC127F72E3000BEEE9E /* NewFileHereFinderExtension */,
				6B4E0AA727F70E2B00BEEE9E /* NewFileHereUITests */,
				6B4E0A9D27F70E2B00BEEE9E /* NewFileHereTests */,
				6B4E0A8C27F70E2A00BEEE9E /* Products */,
			);
			sourceTree = "<group>";
		};
		6B4E0A8C27F70E2A00BEEE9E /* Products */ = {
			isa = PBXGroup;
			children = (
				6B4E0A8B27F70E2A00BEEE9E /* NewFileHere.app */,
				6B4E0A9A27F70E2B00BEEE9E /* NewFileHereTests.xctest */,
				6B4E0AA427F70E2B00BEEE9E /* NewFileHereUITests.xctest */,
				6B4E0AC027F72E3000BEEE9E /* NewFileHereFinderExtension.appex */,
			);
			name = Products;
			sourceTree = "<group>";
		};
		6B4E0A8D27F70E2A00BEEE9E /* NewFileHere */ = {
			isa = PBXGroup;
			children = (
				6B4E0A8E27F70E2A00BEEE9E /* AppDelegate.swift */,
				6B4E0A9027F70E2A00BEEE9E /* Assets.xcassets */,
				6B4E0A9227F70E2A00BEEE9E /* MainMenu.xib */,
				6B4E0A9527F70E2A00BEEE9E /* NewFileHere.entitlements */,
			);
			path = NewFileHere;
			sourceTree = "<group>";
		};
		6B4E0A9D27F70E2B00BEEE9E /* NewFileHereTests */ = {
			isa = PBXGroup;
			children = (
				6B4E0A9E27F70E2B00BEEE9E /* NewFileHereTests.swift */,
			);
			path = NewFileHereTests;
			sourceTree = "<group>";
		};
		6B4E0AA727F70E2B00BEEE9E /* NewFileHereUITests */ = {
			isa = PBXGroup;
			children = (
				6B4E0AA827F70E2B00BEEE9E /* NewFileHereUITests.swift */,
				6B4E0AAA27F70E2B00BEEE9E /* NewFileHereUITestsLaunchTests.swift */,
			);
			path = NewFileHereUITests;
			sourceTree = "<group>";
		};
		6B4E0AC127F72E3000BEEE9E /* NewFileHereFinderExtension */ = {
			isa = PBXGroup;
			children = (
				6B4E0AC227F72E3000BEEE9E /* FinderSync.swift */,
				6B4E0AC427F72E3000BEEE9E /* Info.plist */,
				6B4E0AC527F72E3000BEEE9E /* NewFileHereFinderExtension.entitlements */,
			);
			path = NewFileHereFinderExtension;
			sourceTree = "<group>";
		};
/* End PBXGroup section */

/* Begin PBXNativeTarget section */
		6B4E0A8A27F70E2A00BEEE9E /* NewFileHere */ = {
			isa = PBXNativeTarget;
			buildConfigurationList = 6B4E0AAE27F70E2B00BEEE9E /* Build configuration list for PBXNativeTarget "NewFileHere" */;
			buildPhases = (
				6B4E0A8727F70E2A00BEEE9E /* Sources */,
				6B4E0A8827F70E2A00BEEE9E /* Frameworks */,
				6B4E0A8927F70E2A00BEEE9E /* Resources */,
				6B4E0ACC27F72E3000BEEE9E /* Embed App Extensions */,
			);
			buildRules = (
			);
			dependencies = (
				6B4E0AC727F72E3000BEEE9E /* PBXTargetDependency */,
			);
			name = NewFileHere;
			productName = NewFileHere;
			productReference = 6B4E0A8B27F70E2A00BEEE9E /* NewFileHere.app */;
			productType = "com.apple.product-type.application";
		};
		6B4E0A9927F70E2B00BEEE9E /* NewFileHereTests */ = {
			isa = PBXNativeTarget;
			buildConfigurationList = 6B4E0AB127F70E2B00BEEE9E /* Build configuration list for PBXNativeTarget "NewFileHereTests" */;
			buildPhases = (
				6B4E0A9627F70E2B00BEEE9E /* Sources */,
				6B4E0A9727F70E2B00BEEE9E /* Frameworks */,
				6B4E0A9827F70E2B00BEEE9E /* Resources */,
			);
			buildRules = (
			);
			dependencies = (
				6B4E0A9C27F70E2B00BEEE9E /* PBXTargetDependency */,
			);
			name = NewFileHereTests;
			productName = NewFileHereTests;
			productReference = 6B4E0A9A27F70E2B00BEEE9E /* NewFileHereTests.xctest */;
			productType = "com.apple.product-type.bundle.unit-test";
		};
		6B4E0AA327F70E2B00BEEE9E /* NewFileHereUITests */ = {
			isa = PBXNativeTarget;
			buildConfigurationList = 6B4E0AB427F70E2B00BEEE9E /* Build configuration list for PBXNativeTarget "NewFileHereUITests" */;
			buildPhases = (
				6B4E0AA027F70E2B00BEEE9E /* Sources */,
				6B4E0AA127F70E2B00BEEE9E /* Frameworks */,
				6B4E0AA227F70E2B00BEEE9E /* Resources */,
			);
			buildRules = (
			);
			dependencies = (
				6B4E0AA627F70E2B00BEEE9E /* PBXTargetDependency */,
			);
			name = NewFileHereUITests;
			productName = NewFileHereUITests;
			productReference = 6B4E0AA427F70E2B00BEEE9E /* NewFileHereUITests.xctest */;
			productType = "com.apple.product-type.bundle.ui-testing";
		};
		6B4E0ABF27F72E3000BEEE9E /* NewFileHereFinderExtension */ = {
			isa = PBXNativeTarget;
			buildConfigurationList = 6B4E0AC927F72E3000BEEE9E /* Build configuration list for PBXNativeTarget "NewFileHereFinderExtension" */;
			buildPhases = (
				6B4E0ABC27F72E3000BEEE9E /* Sources */,
				6B4E0ABD27F72E3000BEEE9E /* Frameworks */,
				6B4E0ABE27F72E3000BEEE9E /* Resources */,
			);
			buildRules = (
			);
			dependencies = (
			);
			name = NewFileHereFinderExtension;
			productName = NewFileHereFinderExtension;
			productReference = 6B4E0AC027F72E3000BEEE9E /* NewFileHereFinderExtension.appex */;
			productType = "com.apple.product-type.app-extension";
		};
/* End PBXNativeTarget section */

/* Begin PBXProject section */
		6B4E0A8327F70E2A00BEEE9E /* Project object */ = {
			isa = PBXProject;
			attributes = {
				BuildIndependentTargetsInParallel = 1;
				LastSwiftUpdateCheck = 1330;
				LastUpgradeCheck = 1330;
				TargetAttributes = {
					6B4E0A8A27F70E2A00BEEE9E = {
						CreatedOnToolsVersion = 13.3;
					};
					6B4E0A9927F70E2B00BEEE9E = {
						CreatedOnToolsVersion = 13.3;
						TestTargetID = 6B4E0A8A27F70E2A00BEEE9E;
					};
					6B4E0AA327F70E2B00BEEE9E = {
						CreatedOnToolsVersion = 13.3;
						TestTargetID = 6B4E0A8A27F70E2A00BEEE9E;
					};
					6B4E0ABF27F72E3000BEEE9E = {
						CreatedOnToolsVersion = 13.3;
					};
				};
			};
			buildConfigurationList = 6B4E0A8627F70E2A00BEEE9E /* Build configuration list for PBXProject "NewFileHere" */;
			compatibilityVersion = "Xcode 13.0";
			developmentRegion = en;
			hasScannedForEncodings = 0;
			knownRegions = (
				en,
				Base,
			);
			mainGroup = 6B4E0A8227F70E2A00BEEE9E;
			productRefGroup = 6B4E0A8C27F70E2A00BEEE9E /* Products */;
			projectDirPath = "";
			projectRoot = "";
			targets = (
				6B4E0A8A27F70E2A00BEEE9E /* NewFileHere */,
				6B4E0A9927F70E2B00BEEE9E /* NewFileHereTests */,
				6B4E0AA327F70E2B00BEEE9E /* NewFileHereUITests */,
				6B4E0ABF27F72E3000BEEE9E /* NewFileHereFinderExtension */,
			);
		};
/* End PBXProject section */

/* Begin PBXResourcesBuildPhase section */
		6B4E0A8927F70E2A00BEEE9E /* Resources */ = {
			isa = PBXResourcesBuildPhase;
			buildActionMask = 2147483647;
			files = (
				6B4E0A9127F70E2A00BEEE9E /* Assets.xcassets in Resources */,
				6B4E0A9427F70E2A00BEEE9E /* MainMenu.xib in Resources */,
			);
			runOnlyForDeploymentPostprocessing = 0;
		};
		6B4E0A9827F70E2B00BEEE9E /* Resources */ = {
			isa = PBXResourcesBuildPhase;
			buildActionMask = 2147483647;
			files = (
			);
			runOnlyForDeploymentPostprocessing = 0;
		};
		6B4E0AA227F70E2B00BEEE9E /* Resources */ = {
			isa = PBXResourcesBuildPhase;
			buildActionMask = 2147483647;
			files = (
			);
			runOnlyForDeploymentPostprocessing = 0;
		};
		6B4E0ABE27F72E3000BEEE9E /* Resources */ = {
			isa = PBXResourcesBuildPhase;
			buildActionMask = 2147483647;
			files = (
			);
			runOnlyForDeploymentPostprocessing = 0;
		};
/* End PBXResourcesBuildPhase section */

/* Begin PBXSourcesBuildPhase section */
		6B4E0A8727F70E2A00BEEE9E /* Sources */ = {
			isa = PBXSourcesBuildPhase;
			buildActionMask = 2147483647;
			files = (
				6B4E0A8F27F70E2A00BEEE9E /* AppDelegate.swift in Sources */,
			);
			runOnlyForDeploymentPostprocessing = 0;
		};
		6B4E0A9627F70E2B00BEEE9E /* Sources */ = {
			isa = PBXSourcesBuildPhase;
			buildActionMask = 2147483647;
			files = (
				6B4E0A9F27F70E2B00BEEE9E /* NewFileHereTests.swift in Sources */,
			);
			runOnlyForDeploymentPostprocessing = 0;
		};
		6B4E0AA027F70E2B00BEEE9E /* Sources */ = {
			isa = PBXSourcesBuildPhase;
			buildActionMask = 2147483647;
			files = (
				6B4E0AA927F70E2B00BEEE9E /* NewFileHereUITests.swift in Sources */,
				6B4E0AAB27F70E2B00BEEE9E /* NewFileHereUITestsLaunchTests.swift in Sources */,
			);
			runOnlyForDeploymentPostprocessing = 0;
		};
		6B4E0ABC27F72E3000BEEE9E /* Sources */ = {
			isa = PBXSourcesBuildPhase;
			buildActionMask = 2147483647;
			files = (
				6B4E0AC327F72E3000BEEE9E /* FinderSync.swift in Sources */,
			);
			runOnlyForDeploymentPostprocessing = 0;
		};
/* End PBXSourcesBuildPhase section */

/* Begin PBXTargetDependency section */
		6B4E0A9C27F70E2B00BEEE9E /* PBXTargetDependency */ = {
			isa = PBXTargetDependency;
			target = 6B4E0A8A27F70E2A00BEEE9E /* NewFileHere */;
			targetProxy = 6B4E0A9B27F70E2B00BEEE9E /* PBXContainerItemProxy */;
		};
		6B4E0AA627F70E2B00BEEE9E /* PBXTargetDependency */ = {
			isa = PBXTargetDependency;
			target = 6B4E0A8A27F70E2A00BEEE9E /* NewFileHere */;
			targetProxy = 6B4E0AA527F70E2B00BEEE9E /* PBXContainerItemProxy */;
		};
		6B4E0AC727F72E3000BEEE9E /* PBXTargetDependency */ = {
			isa = PBXTargetDependency;
			target = 6B4E0ABF27F72E3000BEEE9E /* NewFileHereFinderExtension */;
			targetProxy = 6B4E0AC627F72E3000BEEE9E /* PBXContainerItemProxy */;
		};
/* End PBXTargetDependency section */

/* Begin PBXVariantGroup section */
		6B4E0A9227F70E2A00BEEE9E /* MainMenu.xib */ = {
			isa = PBXVariantGroup;
			children = (
				6B4E0A9327F70E2A00BEEE9E /* Base */,
			);
			name = MainMenu.xib;
			sourceTree = "<group>";
		};
/* End PBXVariantGroup section */

/* Begin XCBuildConfiguration section */
		6B4E0AAC27F70E2B00BEEE9E /* Debug */ = {
			isa = XCBuildConfiguration;
			buildSettings = {
				ALWAYS_SEARCH_USER_PATHS = NO;
				CLANG_ANALYZER_NONNULL = YES;
				CLANG_ANALYZER_NUMBER_OBJECT_CONVERSION = YES_AGGRESSIVE;
				CLANG_CXX_LANGUAGE_STANDARD = "gnu++17";
				CLANG_ENABLE_MODULES = YES;
				CLANG_ENABLE_OBJC_ARC = YES;
				CLANG_ENABLE_OBJC_WEAK = YES;
				CLANG_WARN_BLOCK_CAPTURE_AUTORELEASING = YES;
				CLANG_WARN_BOOL_CONVERSION = YES;
				CLANG_WARN_COMMA = YES;
				CLANG_WARN_CONSTANT_CONVERSION = YES;
				CLANG_WARN_DEPRECATED_OBJC_IMPLEMENTATIONS = YES;
				CLANG_WARN_DIRECT_OBJC_ISA_USAGE = YES_ERROR;
				CLANG_WARN_DOCUMENTATION_COMMENTS = YES;
				CLANG_WARN_EMPTY_BODY = YES;
				CLANG_WARN_ENUM_CONVERSION = YES;
				CLANG_WARN_INFINITE_RECURSION = YES;
				CLANG_WARN_INT_CONVERSION = YES;
				CLANG_WARN_NON_LITERAL_NULL_CONVERSION = YES;
				CLANG_WARN_OBJC_IMPLICIT_RETAIN_SELF = YES;
				CLANG_WARN_OBJC_LITERAL_CONVERSION = YES;
				CLANG_WARN_OBJC_ROOT_CLASS = YES_ERROR;
				CLANG_WARN_QUOTED_INCLUDE_IN_FRAMEWORK_HEADER = YES;
				CLANG_WARN_RANGE_LOOP_ANALYSIS = YES;
				CLANG_WARN_STRICT_PROTOTYPES = YES;
				CLANG_WARN_SUSPICIOUS_MOVE = YES;
				CLANG_WARN_UNGUARDED_AVAILABILITY = YES_AGGRESSIVE;
				CLANG_WARN_UNREACHABLE_CODE = YES;
				CLANG_WARN__DUPLICATE_METHOD_MATCH = YES;
				COPY_PHASE_STRIP = NO;
				DEBUG_INFORMATION_FORMAT = dwarf;
				ENABLE_STRICT_OBJC_MSGSEND = YES;
				ENABLE_TESTABILITY = YES;
				GCC_C_LANGUAGE_STANDARD = gnu11;
				GCC_DYNAMIC_NO_PIC = NO;
				GCC_NO_COMMON_BLOCKS = YES;
				GCC_OPTIMIZATION_LEVEL = 0;
				GCC_PREPROCESSOR_DEFINITIONS = (
					"DEBUG=1",
					"$(inherited)",
				);
				GCC_WARN_64_TO_32_BIT_CONVERSION = YES;
				GCC_WARN_ABOUT_RETURN_TYPE = YES_ERROR;
				GCC_WARN_UNDECLARED_SELECTOR = YES;
				GCC_WARN_UNINITIALIZED_AUTOS = YES_AGGRESSIVE;
				GCC_WARN_UNUSED_FUNCTION = YES;
				GCC_WARN_UNUSED_VARIABLE = YES;
				MACOSX_DEPLOYMENT_TARGET = 12.3;
				MTL_ENABLE_DEBUG_INFO = INCLUDE_SOURCE;
				MTL_FAST_MATH = YES;
				ONLY_ACTIVE_ARCH = YES;
				SDKROOT = macosx;
				SWIFT_ACTIVE_COMPILATION_CONDITIONS = DEBUG;
				SWIFT_OPTIMIZATION_LEVEL = "-Onone";
			};
			name = Debug;
		};
		6B4E0AAD27F70E2B00BEEE9E /* Release */ = {
			isa = XCBuildConfiguration;
			buildSettings = {
				ALWAYS_SEARCH_USER_PATHS = NO;
				CLANG_ANALYZER_NONNULL = YES;
				CLANG_ANALYZER_NUMBER_OBJECT_CONVERSION = YES_AGGRESSIVE;
				CLANG_CXX_LANGUAGE_STANDARD = "gnu++17";
				CLANG_ENABLE_MODULES = YES;
				CLANG_ENABLE_OBJC_ARC = YES;
				CLANG_ENABLE_OBJC_WEAK = YES;
				CLANG_WARN_BLOCK_CAPTURE_AUTORELEASING = YES;
				CLANG_WARN_BOOL_CONVERSION = YES;
				CLANG_WARN_COMMA = YES;
				CLANG_WARN_CONSTANT_CONVERSION = YES;
				CLANG_WARN_DEPRECATED_OBJC_IMPLEMENTATIONS = YES;
				CLANG_WARN_DIRECT_OBJC_ISA_USAGE = YES_ERROR;
				CLANG_WARN_DOCUMENTATION_COMMENTS = YES;
				CLANG_WARN_EMPTY_BODY = YES;
				CLANG_WARN_ENUM_CONVERSION = YES;
				CLANG_WARN_INFINITE_RECURSION = YES;
				CLANG_WARN_INT_CONVERSION = YES;
				CLANG_WARN_NON_LITERAL_NULL_CONVERSION = YES;
				CLANG_WARN_OBJC_IMPLICIT_RETAIN_SELF = YES;
				CLANG_WARN_OBJC_LITERAL_CONVERSION = YES;
				CLANG_WARN_OBJC_ROOT_CLASS = YES_ERROR;
				CLANG_WARN_QUOTED_INCLUDE_IN_FRAMEWORK_HEADER = YES;
				CLANG_WARN_RANGE_LOOP_ANALYSIS = YES;
				CLANG_WARN_STRICT_PROTOTYPES = YES;
				CLANG_WARN_SUSPICIOUS_MOVE = YES;
				CLANG_WARN_UNGUARDED_AVAILABILITY = YES_AGGRESSIVE;
				CLANG_WARN_UNREACHABLE_CODE = YES;
				CLANG_WARN__DUPLICATE_METHOD_MATCH = YES;
				COPY_PHASE_STRIP = NO;
				DEBUG_INFORMATION_FORMAT = "dwarf-with-dsym";
				ENABLE_NS_ASSERTIONS = NO;
				ENABLE_STRICT_OBJC_MSGSEND = YES;
				GCC_C_LANGUAGE_STANDARD = gnu11;
				GCC_NO_COMMON_BLOCKS = YES;
				GCC_WARN_64_TO_32_BIT_CONVERSION = YES;
				GCC_WARN_ABOUT_RETURN_TYPE = YES_ERROR;
				GCC_WARN_UNDECLARED_SELECTOR = YES;
				GCC_WARN_UNINITIALIZED_AUTOS = YES_AGGRESSIVE;
				GCC_WARN_UNUSED_FUNCTION = YES;
				GCC_WARN_UNUSED_VARIABLE = YES;
				MACOSX_DEPLOYMENT_TARGET = 12.3;
				MTL_ENABLE_DEBUG_INFO = NO;
				MTL_FAST_MATH = YES;
				SDKROOT = macosx;
				SWIFT_COMPILATION_MODE = wholemodule;
				SWIFT_OPTIMIZATION_LEVEL = "-O";
			};
			name = Release;
		};
		6B4E0AAF27F70E2B00BEEE9E /* Debug */ = {
			isa = XCBuildConfiguration;
			buildSettings = {
				ALWAYS_EMBED_SWIFT_STANDARD_LIBRARIES = YES;
				ASSETCATALOG_COMPILER_APPICON_NAME = AppIcon;
				ASSETCATALOG_COMPILER_GLOBAL_ACCENT_COLOR_NAME = AccentColor;
				CODE_SIGN_ENTITLEMENTS = NewFileHere/NewFileHere.entitlements;
				CODE_SIGN_STYLE = Automatic;
				COMBINE_HIDPI_IMAGES = YES;
				CURRENT_PROJECT_VERSION = 1;
				DEVELOPMENT_TEAM = 8UAT353YWC;
				ENABLE_HARDENED_RUNTIME = YES;
				GENERATE_INFOPLIST_FILE = YES;
				INFOPLIST_KEY_NSHumanReadableCopyright = "";
				INFOPLIST_KEY_NSMainNibFile = MainMenu;
				INFOPLIST_KEY_NSPrincipalClass = NSApplication;
				LD_RUNPATH_SEARCH_PATHS = (
					"$(inherited)",
					"@executable_path/../Frameworks",
				);
				MARKETING_VERSION = 1.0;
				PRODUCT_BUNDLE_IDENTIFIER = me.mogheko.NewFileHere;
				PRODUCT_NAME = "$(TARGET_NAME)";
				SWIFT_EMIT_LOC_STRINGS = YES;
				SWIFT_VERSION = 5.0;
			};
			name = Debug;
		};
		6B4E0AB027F70E2B00BEEE9E /* Release */ = {
			isa = XCBuildConfiguration;
			buildSettings = {
				ALWAYS_EMBED_SWIFT_STANDARD_LIBRARIES = YES;
				ASSETCATALOG_COMPILER_APPICON_NAME = AppIcon;
				ASSETCATALOG_COMPILER_GLOBAL_ACCENT_COLOR_NAME = AccentColor;
				CODE_SIGN_ENTITLEMENTS = NewFileHere/NewFileHere.entitlements;
				CODE_SIGN_STYLE = Automatic;
				COMBINE_HIDPI_IMAGES = YES;
				CURRENT_PROJECT_VERSION = 1;
				DEVELOPMENT_TEAM = 8UAT353YWC;
				ENABLE_HARDENED_RUNTIME = YES;
				GENERATE_INFOPLIST_FILE = YES;
				INFOPLIST_KEY_NSHumanReadableCopyright = "";
				INFOPLIST_KEY_NSMainNibFile = MainMenu;
				INFOPLIST_KEY_NSPrincipalClass = NSApplication;
				LD_RUNPATH_SEARCH_PATHS = (
					"$(inherited)",
					"@executable_path/../Frameworks",
				);
				MARKETING_VERSION = 1.0;
				PRODUCT_BUNDLE_IDENTIFIER = me.mogheko.NewFileHere;
				PRODUCT_NAME = "$(TARGET_NAME)";
				SWIFT_EMIT_LOC_STRINGS = YES;
				SWIFT_VERSION = 5.0;
			};
			name = Release;
		};
		6B4E0AB227F70E2B00BEEE9E /* Debug */ = {
			isa = XCBuildConfiguration;
			buildSettings = {
				ALWAYS_EMBED_SWIFT_STANDARD_LIBRARIES = YES;
				BUNDLE_LOADER = "$(TEST_HOST)";
				CODE_SIGN_STYLE = Automatic;
				CURRENT_PROJECT_VERSION = 1;
				DEVELOPMENT_TEAM = 8UAT353YWC;
				GENERATE_INFOPLIST_FILE = YES;
				MACOSX_DEPLOYMENT_TARGET = 12.3;
				MARKETING_VERSION = 1.0;
				PRODUCT_BUNDLE_IDENTIFIER = mogheko.me.NewFileHereTests;
				PRODUCT_NAME = "$(TARGET_NAME)";
				SWIFT_EMIT_LOC_STRINGS = NO;
				SWIFT_VERSION = 5.0;
				TEST_HOST = "$(BUILT_PRODUCTS_DIR)/NewFileHere.app/Contents/MacOS/NewFileHere";
			};
			name = Debug;
		};
		6B4E0AB327F70E2B00BEEE9E /* Release */ = {
			isa = XCBuildConfiguration;
			buildSettings = {
				ALWAYS_EMBED_SWIFT_STANDARD_LIBRARIES = YES;
				BUNDLE_LOADER = "$(TEST_HOST)";
				CODE_SIGN_STYLE = Automatic;
				CURRENT_PROJECT_VERSION = 1;
				DEVELOPMENT_TEAM = 8UAT353YWC;
				GENERATE_INFOPLIST_FILE = YES;
				MACOSX_DEPLOYMENT_TARGET = 12.3;
				MARKETING_VERSION = 1.0;
				PRODUCT_BUNDLE_IDENTIFIER = mogheko.me.NewFileHereTests;
				PRODUCT_NAME = "$(TARGET_NAME)";
				SWIFT_EMIT_LOC_STRINGS = NO;
				SWIFT_VERSION = 5.0;
				TEST_HOST = "$(BUILT_PRODUCTS_DIR)/NewFileHere.app/Contents/MacOS/NewFileHere";
			};
			name = Release;
		};
		6B4E0AB527F70E2B00BEEE9E /* Debug */ = {
			isa = XCBuildConfiguration;
			buildSettings = {
				ALWAYS_EMBED_SWIFT_STANDARD_LIBRARIES = YES;
				CODE_SIGN_STYLE = Automatic;
				CURRENT_PROJECT_VERSION = 1;
				DEVELOPMENT_TEAM = 8UAT353YWC;
				GENERATE_INFOPLIST_FILE = YES;
				MARKETING_VERSION = 1.0;
				PRODUCT_BUNDLE_IDENTIFIER = mogheko.me.NewFileHereUITests;
				PRODUCT_NAME = "$(TARGET_NAME)";
				SWIFT_EMIT_LOC_STRINGS = NO;
				SWIFT_VERSION = 5.0;
				TEST_TARGET_NAME = NewFileHere;
			};
			name = Debug;
		};
		6B4E0AB627F70E2B00BEEE9E /* Release */ = {
			isa = XCBuildConfiguration;
			buildSettings = {
				ALWAYS_EMBED_SWIFT_STANDARD_LIBRARIES = YES;
				CODE_SIGN_STYLE = Automatic;
				CURRENT_PROJECT_VERSION = 1;
				DEVELOPMENT_TEAM = 8UAT353YWC;
				GENERATE_INFOPLIST_FILE = YES;
				MARKETING_VERSION = 1.0;
				PRODUCT_BUNDLE_IDENTIFIER = mogheko.me.NewFileHereUITests;
				PRODUCT_NAME = "$(TARGET_NAME)";
				SWIFT_EMIT_LOC_STRINGS = NO;
				SWIFT_VERSION = 5.0;
				TEST_TARGET_NAME = NewFileHere;
			};
			name = Release;
		};
		6B4E0ACA27F72E3000BEEE9E /* Debug */ = {
			isa = XCBuildConfiguration;
			buildSettings = {
				CODE_SIGN_ENTITLEMENTS = NewFileHereFinderExtension/NewFileHereFinderExtension.entitlements;
				CODE_SIGN_STYLE = Automatic;
				COMBINE_HIDPI_IMAGES = YES;
				CURRENT_PROJECT_VERSION = 1;
				DEVELOPMENT_TEAM = 8UAT353YWC;
				ENABLE_HARDENED_RUNTIME = YES;
				GENERATE_INFOPLIST_FILE = YES;
				INFOPLIST_FILE = NewFileHereFinderExtension/Info.plist;
				INFOPLIST_KEY_CFBundleDisplayName = NewFileHereFinderExtension;
				INFOPLIST_KEY_NSHumanReadableCopyright = "";
				LD_RUNPATH_SEARCH_PATHS = (
					"$(inherited)",
					"@executable_path/../Frameworks",
					"@executable_path/../../../../Frameworks",
				);
				MARKETING_VERSION = 1.0;
				PRODUCT_BUNDLE_IDENTIFIER = me.mogheko.NewFileHere.NewFileHereFinderExtension;
				PRODUCT_NAME = "$(TARGET_NAME)";
				SKIP_INSTALL = YES;
				SWIFT_EMIT_LOC_STRINGS = YES;
				SWIFT_VERSION = 5.0;
			};
			name = Debug;
		};
		6B4E0ACB27F72E3000BEEE9E /* Release */ = {
			isa = XCBuildConfiguration;
			buildSettings = {
				CODE_SIGN_ENTITLEMENTS = NewFileHereFinderExtension/NewFileHereFinderExtension.entitlements;
				CODE_SIGN_STYLE = Automatic;
				COMBINE_HIDPI_IMAGES = YES;
				CURRENT_PROJECT_VERSION = 1;
				DEVELOPMENT_TEAM = 8UAT353YWC;
				ENABLE_HARDENED_RUNTIME = YES;
				GENERATE_INFOPLIST_FILE = YES;
				INFOPLIST_FILE = NewFileHereFinderExtension/Info.plist;
				INFOPLIST_KEY_CFBundleDisplayName = NewFileHereFinderExtension;
				INFOPLIST_KEY_NSHumanReadableCopyright = "";
				LD_RUNPATH_SEARCH_PATHS = (
					"$(inherited)",
					"@executable_path/../Frameworks",
					"@executable_path/../../../../Frameworks",
				);
				MARKETING_VERSION = 1.0;
				PRODUCT_BUNDLE_IDENTIFIER = me.mogheko.NewFileHere.NewFileHereFinderExtension;
				PRODUCT_NAME = "$(TARGET_NAME)";
				SKIP_INSTALL = YES;
				SWIFT_EMIT_LOC_STRINGS = YES;
				SWIFT_VERSION = 5.0;
			};
			name = Release;
		};
/* End XCBuildConfiguration section */

/* Begin XCConfigurationList section */
		6B4E0A8627F70E2A00BEEE9E /* Build configuration list for PBXProject "NewFileHere" */ = {
			isa = XCConfigurationList;
			buildConfigurations = (
				6B4E0AAC27F70E2B00BEEE9E /* Debug */,
				6B4E0AAD27F70E2B00BEEE9E /* Release */,
			);
			defaultConfigurationIsVisible = 0;
			defaultConfigurationName = Release;
		};
		6B4E0AAE27F70E2B00BEEE9E /* Build configuration list for PBXNativeTarget "NewFileHere" */ = {
			isa = XCConfigurationList;
			buildConfigurations = (
				6B4E0AAF27F70E2B00BEEE9E /* Debug */,
				6B4E0AB027F70E2B00BEEE9E /* Release */,
			);
			defaultConfigurationIsVisible = 0;
			defaultConfigurationName = Release;
		};
		6B4E0AB127F70E2B00BEEE9E /* Build configuration list for PBXNativeTarget "NewFileHereTests" */ = {
			isa = XCConfigurationList;
			buildConfigurations = (
				6B4E0AB227F70E2B00BEEE9E /* Debug */,
				6B4E0AB327F70E2B00BEEE9E /* Release */,
			);
			defaultConfigurationIsVisible = 0;
			defaultConfigurationName = Release;
		};
		6B4E0AB427F70E2B00BEEE9E /* Build configuration list for PBXNativeTarget "NewFileHereUITests" */ = {
			isa = XCConfigurationList;
			buildConfigurations = (
				6B4E0AB527F70E2B00BEEE9E /* Debug */,
				6B4E0AB627F70E2B00BEEE9E /* Release */,
			);
			defaultConfigurationIsVisible = 0;
			defaultConfigurationName = Release;
		};
		6B4E0AC927F72E3000BEEE9E /* Build configuration list for PBXNativeTarget "NewFileHereFinderExtension" */ = {
			isa = XCConfigurationList;
			buildConfigurations = (
				6B4E0ACA27F72E3000BEEE9E /* Debug */,
				6B4E0ACB27F72E3000BEEE9E /* Release */,
			);
			defaultConfigurationIsVisible = 0;
			defaultConfigurationName = Release;
		};
/* End XCConfigurationList section */
	};
	rootObject = 6B4E0A8327F70E2A00BEEE9E /* Project object */;
}
